
Microsoft Visual Studio Solution File, Format Version 12.00
# Visual Studio Version 16
VisualStudioVersion = 16.0.30503.244
MinimumVisualStudioVersion = 10.0.40219.1
Project("{FAE04EC0-301F-11D3-BF4B-00C04F79EFBC}") = "bittrex-trading-core", "bittrex-trading-core\bittrex-trading-core.csproj", "{64C0F70B-E5C4-4EB7-8734-13C08A68066B}"
EndProject
Global
	GlobalSection(SolutionConfigurationPlatforms) = preSolution
		Debug|Any CPU = Debug|Any CPU
		Release|Any CPU = Release|Any CPU
	EndGlobalSection
	GlobalSection(ProjectConfigurationPlatforms) = postSolution
		{64C0F70B-E5C4-4EB7-8734-13C08A68066B}.Debug|Any CPU.ActiveCfg = Debug|Any CPU
		{64C0F70B-E5C4-4EB7-8734-13C08A68066B}.Debug|Any CPU.Build.0 = Debug|Any CPU
		{64C0F70B-E5C4-4EB7-8734-13C08A68066B}.Release|Any CPU.ActiveCfg = Release|Any CPU
		{64C0F70B-E5C4-4EB7-8734-13C08A68066B}.Release|Any CPU.Build.0 = Release|Any CPU
	EndGlobalSection
	GlobalSection(SolutionProperties) = preSolution
		HideSolutionNode = FALSE
	EndGlobalSection
	GlobalSection(ExtensibilityGlobals) = postSolution
		SolutionGuid = {C937F3ED-9883-4990-983A-B2433A623358}
	EndGlobalSection
EndGlobal
